
Microsoft Visual Studio Solution File, Format Version 12.00
# Visual Studio 15
VisualStudioVersion = 15.0.26124.0
MinimumVisualStudioVersion = 15.0.26124.0
Project("{FAE04EC0-301F-11D3-BF4B-00C04F79EFBC}") = "LandMonkServer", "LandMonkServer\LandMonkServer.csproj", "{F81286E8-4172-4A59-A852-60DA7C5F3DE0}"
EndProject
Project("{FAE04EC0-301F-11D3-BF4B-00C04F79EFBC}") = "Repository", "Repository\Repository.csproj", "{4805E27E-A779-4E74-B336-A8D5529BF064}"
Project("{FAE04EC0-301F-11D3-BF4B-00C04F79EFBC}") = "Contracts", "Contracts\Contracts.csproj", "{88E6ACAF-C8AE-4BC4-AB18-E12A29F31F64}"
EndProject
Project("{FAE04EC0-301F-11D3-BF4B-00C04F79EFBC}") = "LoggerService", "LoggerService\LoggerService.csproj", "{5E8BABC7-4174-4145-8A19-C3B6EF5DD9C1}"
EndProject
Global
	GlobalSection(SolutionConfigurationPlatforms) = preSolution
		Debug|Any CPU = Debug|Any CPU
		Debug|x64 = Debug|x64
		Debug|x86 = Debug|x86
		Release|Any CPU = Release|Any CPU
		Release|x64 = Release|x64
		Release|x86 = Release|x86
	EndGlobalSection
	GlobalSection(SolutionProperties) = preSolution
		HideSolutionNode = FALSE
	EndGlobalSection
	GlobalSection(ProjectConfigurationPlatforms) = postSolution
		{F81286E8-4172-4A59-A852-60DA7C5F3DE0}.Debug|Any CPU.ActiveCfg = Debug|Any CPU
		{F81286E8-4172-4A59-A852-60DA7C5F3DE0}.Debug|Any CPU.Build.0 = Debug|Any CPU
		{F81286E8-4172-4A59-A852-60DA7C5F3DE0}.Debug|x64.ActiveCfg = Debug|Any CPU
		{F81286E8-4172-4A59-A852-60DA7C5F3DE0}.Debug|x64.Build.0 = Debug|Any CPU
		{F81286E8-4172-4A59-A852-60DA7C5F3DE0}.Debug|x86.ActiveCfg = Debug|Any CPU
		{F81286E8-4172-4A59-A852-60DA7C5F3DE0}.Debug|x86.Build.0 = Debug|Any CPU
		{F81286E8-4172-4A59-A852-60DA7C5F3DE0}.Release|Any CPU.ActiveCfg = Release|Any CPU
		{F81286E8-4172-4A59-A852-60DA7C5F3DE0}.Release|Any CPU.Build.0 = Release|Any CPU
		{F81286E8-4172-4A59-A852-60DA7C5F3DE0}.Release|x64.ActiveCfg = Release|Any CPU
		{F81286E8-4172-4A59-A852-60DA7C5F3DE0}.Release|x64.Build.0 = Release|Any CPU
		{F81286E8-4172-4A59-A852-60DA7C5F3DE0}.Release|x86.ActiveCfg = Release|Any CPU
		{F81286E8-4172-4A59-A852-60DA7C5F3DE0}.Release|x86.Build.0 = Release|Any CPU
	EndGlobalSection
EndGlobal
